// !$*UTF8*$!
{
	archiveVersion = 1;
	classes = {
	};
	objectVersion = 46;
	objects = {

/* Begin PBXBuildFile section */
		1BD39C9D17DCC048005DE0EE /* AppDelegate.m in Sources */ = {isa = PBXBuildFile; fileRef = 1BD39C9017DCC048005DE0EE /* AppDelegate.m */; };
		1BD39C9E17DCC048005DE0EE /* Default-568h@2x.png in Resources */ = {isa = PBXBuildFile; fileRef = 1BD39C9117DCC048005DE0EE /* Default-568h@2x.png */; };
		1BD39C9F17DCC048005DE0EE /* Default.png in Resources */ = {isa = PBXBuildFile; fileRef = 1BD39C9217DCC048005DE0EE /* Default.png */; };
		1BD39CA017DCC048005DE0EE /* Default@2x.png in Resources */ = {isa = PBXBuildFile; fileRef = 1BD39C9317DCC048005DE0EE /* Default@2x.png */; };
		1BD39CA317DCC048005DE0EE /* main.m in Sources */ = {isa = PBXBuildFile; fileRef = 1BD39C9817DCC048005DE0EE /* main.m */; };
		79CBFA4B889FA0A52A5DD3B5 /* ViewController.xib in Resources */ = {isa = PBXBuildFile; fileRef = 79CBF0C459A6156E68FFFA20 /* ViewController.xib */; };
		79CBFA8E23884781A0E8E950 /* ViewController.m in Sources */ = {isa = PBXBuildFile; fileRef = 79CBF72C650B432AE9DA7DA2 /* ViewController.m */; };
		8BE829F9165F43D30063F02A /* UIKit.framework in Frameworks */ = {isa = PBXBuildFile; fileRef = 8BE829F8165F43D30063F02A /* UIKit.framework */; };
		8BE829FB165F43D30063F02A /* Foundation.framework in Frameworks */ = {isa = PBXBuildFile; fileRef = 8BE829FA165F43D30063F02A /* Foundation.framework */; };
		8BE829FD165F43D30063F02A /* CoreGraphics.framework in Frameworks */ = {isa = PBXBuildFile; fileRef = 8BE829FC165F43D30063F02A /* CoreGraphics.framework */; };
/* End PBXBuildFile section */

/* Begin PBXFileReference section */
		1BD39C8F17DCC048005DE0EE /* AppDelegate.h */ = {isa = PBXFileReference; fileEncoding = 4; lastKnownFileType = sourcecode.c.h; path = AppDelegate.h; sourceTree = "<group>"; };
		1BD39C9017DCC048005DE0EE /* AppDelegate.m */ = {isa = PBXFileReference; fileEncoding = 4; lastKnownFileType = sourcecode.c.objc; path = AppDelegate.m; sourceTree = "<group>"; };
		1BD39C9117DCC048005DE0EE /* Default-568h@2x.png */ = {isa = PBXFileReference; lastKnownFileType = image.png; path = "Default-568h@2x.png"; sourceTree = "<group>"; };
		1BD39C9217DCC048005DE0EE /* Default.png */ = {isa = PBXFileReference; lastKnownFileType = image.png; path = Default.png; sourceTree = "<group>"; };
		1BD39C9317DCC048005DE0EE /* Default@2x.png */ = {isa = PBXFileReference; lastKnownFileType = image.png; path = "Default@2x.png"; sourceTree = "<group>"; };
		1BD39C9817DCC048005DE0EE /* main.m */ = {isa = PBXFileReference; fileEncoding = 4; lastKnownFileType = sourcecode.c.objc; path = main.m; sourceTree = "<group>"; };
		1BD39C9917DCC048005DE0EE /* SectionTable-Info.plist */ = {isa = PBXFileReference; fileEncoding = 4; lastKnownFileType = text.plist.xml; path = "SectionTable-Info.plist"; sourceTree = "<group>"; };
		1BD39C9A17DCC048005DE0EE /* SectionTable-Prefix.pch */ = {isa = PBXFileReference; fileEncoding = 4; lastKnownFileType = sourcecode.c.h; path = "SectionTable-Prefix.pch"; sourceTree = "<group>"; };
		79CBF72C650B432AE9DA7DA2 /* ViewController.m */ = {isa = PBXFileReference; fileEncoding = 4; lastKnownFileType = sourcecode.c.objc; path = ViewController.m; sourceTree = "<group>"; };
		79CBF7DFA52FFFC5C1496561 /* en */ = {isa = PBXFileReference; lastKnownFileType = file.xib; name = en; path = en.lproj/ViewController.xib; sourceTree = "<group>"; };
		79CBF82E7BB74685D9FF5FAA /* ViewController.h */ = {isa = PBXFileReference; fileEncoding = 4; lastKnownFileType = sourcecode.c.h; path = ViewController.h; sourceTree = "<group>"; };
		8BE829F4165F43D30063F02A /* SectionTable.app */ = {isa = PBXFileReference; explicitFileType = wrapper.application; includeInIndex = 0; path = SectionTable.app; sourceTree = BUILT_PRODUCTS_DIR; };
		8BE829F8165F43D30063F02A /* UIKit.framework */ = {isa = PBXFileReference; lastKnownFileType = wrapper.framework; name = UIKit.framework; path = System/Library/Frameworks/UIKit.framework; sourceTree = SDKROOT; };
		8BE829FA165F43D30063F02A /* Foundation.framework */ = {isa = PBXFileReference; lastKnownFileType = wrapper.framework; name = Foundation.framework; path = System/Library/Frameworks/Foundation.framework; sourceTree = SDKROOT; };
		8BE829FC165F43D30063F02A /* CoreGraphics.framework */ = {isa = PBXFileReference; lastKnownFileType = wrapper.framework; name = CoreGraphics.framework; path = System/Library/Frameworks/CoreGraphics.framework; sourceTree = SDKROOT; };
/* End PBXFileReference section */

/* Begin PBXFrameworksBuildPhase section */
		8BE829F1165F43D30063F02A /* Frameworks */ = {
			isa = PBXFrameworksBuildPhase;
			buildActionMask = 2147483647;
			files = (
				8BE829F9165F43D30063F02A /* UIKit.framework in Frameworks */,
				8BE829FB165F43D30063F02A /* Foundation.framework in Frameworks */,
				8BE829FD165F43D30063F02A /* CoreGraphics.framework in Frameworks */,
			);
			runOnlyForDeploymentPostprocessing = 0;
		};
/* End PBXFrameworksBuildPhase section */

/* Begin PBXGroup section */
		1BD39C8E17DCC048005DE0EE /* SectionTable */ = {
			isa = PBXGroup;
			children = (
				1BD39C8F17DCC048005DE0EE /* AppDelegate.h */,
				1BD39C9017DCC048005DE0EE /* AppDelegate.m */,
				1BD39C9117DCC048005DE0EE /* Default-568h@2x.png */,
				1BD39C9217DCC048005DE0EE /* Default.png */,
				1BD39C9317DCC048005DE0EE /* Default@2x.png */,
				1BD39C9817DCC048005DE0EE /* main.m */,
				1BD39C9917DCC048005DE0EE /* SectionTable-Info.plist */,
				1BD39C9A17DCC048005DE0EE /* SectionTable-Prefix.pch */,
				79CBFCDE41B7EEA08684C5F8 /* Classes */,
			);
			path = SectionTable;
			sourceTree = "<group>";
		};
		79CBFCDE41B7EEA08684C5F8 /* Classes */ = {
			isa = PBXGroup;
			children = (
				79CBF72C650B432AE9DA7DA2 /* ViewController.m */,
				79CBF82E7BB74685D9FF5FAA /* ViewController.h */,
				79CBF0C459A6156E68FFFA20 /* ViewController.xib */,
			);
			name = Classes;
			sourceTree = "<group>";
		};
		8BE829E9165F43D30063F02A = {
			isa = PBXGroup;
			children = (
				1BD39C8E17DCC048005DE0EE /* SectionTable */,
				8BE829F7165F43D30063F02A /* Frameworks */,
				8BE829F5165F43D30063F02A /* Products */,
			);
			sourceTree = "<group>";
		};
		8BE829F5165F43D30063F02A /* Products */ = {
			isa = PBXGroup;
			children = (
				8BE829F4165F43D30063F02A /* SectionTable.app */,
			);
			name = Products;
			sourceTree = "<group>";
		};
		8BE829F7165F43D30063F02A /* Frameworks */ = {
			isa = PBXGroup;
			children = (
				8BE829F8165F43D30063F02A /* UIKit.framework */,
				8BE829FA165F43D30063F02A /* Foundation.framework */,
				8BE829FC165F43D30063F02A /* CoreGraphics.framework */,
			);
			name = Frameworks;
			sourceTree = "<group>";
		};
/* End PBXGroup section */

/* Begin PBXNativeTarget section */
		8BE829F3165F43D30063F02A /* SectionTable */ = {
			isa = PBXNativeTarget;
			buildConfigurationList = 8BE82A18165F43D30063F02A /* Build configuration list for PBXNativeTarget "SectionTable" */;
			buildPhases = (
				8BE829F0165F43D30063F02A /* Sources */,
				8BE829F1165F43D30063F02A /* Frameworks */,
				8BE829F2165F43D30063F02A /* Resources */,
			);
			buildRules = (
			);
			dependencies = (
			);
			name = SectionTable;
			productName = TableSample;
			productReference = 8BE829F4165F43D30063F02A /* SectionTable.app */;
			productType = "com.apple.product-type.application";
		};
/* End PBXNativeTarget section */

/* Begin PBXProject section */
		8BE829EB165F43D30063F02A /* Project object */ = {
			isa = PBXProject;
			attributes = {
				LastUpgradeCheck = 0460;
				ORGANIZATIONNAME = Developer;
			};
			buildConfigurationList = 8BE829EE165F43D30063F02A /* Build configuration list for PBXProject "SectionTable" */;
			compatibilityVersion = "Xcode 3.2";
			developmentRegion = English;
			hasScannedForEncodings = 0;
			knownRegions = (
				en,
			);
			mainGroup = 8BE829E9165F43D30063F02A;
			productRefGroup = 8BE829F5165F43D30063F02A /* Products */;
			projectDirPath = "";
			projectRoot = "";
			targets = (
				8BE829F3165F43D30063F02A /* SectionTable */,
			);
		};
/* End PBXProject section */

/* Begin PBXResourcesBuildPhase section */
		8BE829F2165F43D30063F02A /* Resources */ = {
			isa = PBXResourcesBuildPhase;
			buildActionMask = 2147483647;
			files = (
				1BD39C9E17DCC048005DE0EE /* Default-568h@2x.png in Resources */,
				1BD39C9F17DCC048005DE0EE /* Default.png in Resources */,
				1BD39CA017DCC048005DE0EE /* Default@2x.png in Resources */,
				79CBFA4B889FA0A52A5DD3B5 /* ViewController.xib in Resources */,
			);
			runOnlyForDeploymentPostprocessing = 0;
		};
/* End PBXResourcesBuildPhase section */

/* Begin PBXSourcesBuildPhase section */
		8BE829F0165F43D30063F02A /* Sources */ = {
			isa = PBXSourcesBuildPhase;
			buildActionMask = 2147483647;
			files = (
				1BD39C9D17DCC048005DE0EE /* AppDelegate.m in Sources */,
				1BD39CA317DCC048005DE0EE /* main.m in Sources */,
				79CBFA8E23884781A0E8E950 /* ViewController.m in Sources */,
			);
			runOnlyForDeploymentPostprocessing = 0;
		};
/* End PBXSourcesBuildPhase section */

/* Begin PBXVariantGroup section */
		79CBF0C459A6156E68FFFA20 /* ViewController.xib */ = {
			isa = PBXVariantGroup;
			children = (
				79CBF7DFA52FFFC5C1496561 /* en */,
			);
			name = ViewController.xib;
			sourceTree = "<group>";
		};
/* End PBXVariantGroup section */

/* Begin XCBuildConfiguration section */
		8BE82A16165F43D30063F02A /* Debug */ = {
			isa = XCBuildConfiguration;
			buildSettings = {
				ALWAYS_SEARCH_USER_PATHS = NO;
				CLANG_CXX_LANGUAGE_STANDARD = "gnu++0x";
				CLANG_CXX_LIBRARY = "libc++";
				CLANG_WARN_EMPTY_BODY = YES;
				CLANG_WARN__DUPLICATE_METHOD_MATCH = YES;
				"CODE_SIGN_IDENTITY[sdk=iphoneos*]" = "iPhone Developer";
				COPY_PHASE_STRIP = NO;
				GCC_C_LANGUAGE_STANDARD = gnu99;
				GCC_DYNAMIC_NO_PIC = NO;
				GCC_OPTIMIZATION_LEVEL = 0;
				GCC_PREPROCESSOR_DEFINITIONS = (
					"DEBUG=1",
					"$(inherited)",
				);
				GCC_SYMBOLS_PRIVATE_EXTERN = NO;
				GCC_WARN_ABOUT_RETURN_TYPE = YES;
				GCC_WARN_UNINITIALIZED_AUTOS = YES;
				GCC_WARN_UNUSED_VARIABLE = YES;
				IPHONEOS_DEPLOYMENT_TARGET = 6.0;
				ONLY_ACTIVE_ARCH = YES;
				SDKROOT = iphoneos;
			};
			name = Debug;
		};
		8BE82A17165F43D30063F02A /* Release */ = {
			isa = XCBuildConfiguration;
			buildSettings = {
				ALWAYS_SEARCH_USER_PATHS = NO;
				CLANG_CXX_LANGUAGE_STANDARD = "gnu++0x";
				CLANG_CXX_LIBRARY = "libc++";
				CLANG_WARN_EMPTY_BODY = YES;
				CLANG_WARN__DUPLICATE_METHOD_MATCH = YES;
				"CODE_SIGN_IDENTITY[sdk=iphoneos*]" = "iPhone Developer";
				COPY_PHASE_STRIP = YES;
				GCC_C_LANGUAGE_STANDARD = gnu99;
				GCC_WARN_ABOUT_RETURN_TYPE = YES;
				GCC_WARN_UNINITIALIZED_AUTOS = YES;
				GCC_WARN_UNUSED_VARIABLE = YES;
				IPHONEOS_DEPLOYMENT_TARGET = 6.0;
				OTHER_CFLAGS = "-DNS_BLOCK_ASSERTIONS=1";
				SDKROOT = iphoneos;
				VALIDATE_PRODUCT = YES;
			};
			name = Release;
		};
		8BE82A19165F43D30063F02A /* Debug */ = {
			isa = XCBuildConfiguration;
			buildSettings = {
				CLANG_ENABLE_OBJC_ARC = YES;
				GCC_PRECOMPILE_PREFIX_HEADER = YES;
				GCC_PREFIX_HEADER = "SectionTable/SectionTable-Prefix.pch";
				INFOPLIST_FILE = "SectionTable/SectionTable-Info.plist";
				PRODUCT_NAME = SectionTable;
				WRAPPER_EXTENSION = app;
			};
			name = Debug;
		};
		8BE82A1A165F43D30063F02A /* Release */ = {
			isa = XCBuildConfiguration;
			buildSettings = {
				CLANG_ENABLE_OBJC_ARC = YES;
				GCC_PRECOMPILE_PREFIX_HEADER = YES;
				GCC_PREFIX_HEADER = "SectionTable/SectionTable-Prefix.pch";
				INFOPLIST_FILE = "SectionTable/SectionTable-Info.plist";
				PRODUCT_NAME = SectionTable;
				WRAPPER_EXTENSION = app;
			};
			name = Release;
		};
/* End XCBuildConfiguration section */

/* Begin XCConfigurationList section */
		8BE829EE165F43D30063F02A /* Build configuration list for PBXProject "SectionTable" */ = {
			isa = XCConfigurationList;
			buildConfigurations = (
				8BE82A16165F43D30063F02A /* Debug */,
				8BE82A17165F43D30063F02A /* Release */,
			);
			defaultConfigurationIsVisible = 0;
			defaultConfigurationName = Release;
		};
		8BE82A18165F43D30063F02A /* Build configuration list for PBXNativeTarget "SectionTable" */ = {
			isa = XCConfigurationList;
			buildConfigurations = (
				8BE82A19165F43D30063F02A /* Debug */,
				8BE82A1A165F43D30063F02A /* Release */,
			);
			defaultConfigurationIsVisible = 0;
			defaultConfigurationName = Release;
		};
/* End XCConfigurationList section */
	};
	rootObject = 8BE829EB165F43D30063F02A /* Project object */;
}
